
Microsoft Visual Studio Solution File, Format Version 12.00
# Visual Studio Version 17
VisualStudioVersion = 17.0.31903.59
MinimumVisualStudioVersion = 10.0.40219.1
Project("{FAE04EC0-301F-11D3-BF4B-00C04F79EFBC}") = "BLogic", "BLogic\BLogic.csproj", "{73EDD192-695B-4A24-8629-38631FBEA6BB}"
EndProject
Global
	GlobalSection(SolutionConfigurationPlatforms) = preSolution
		Debug|Any CPU = Debug|Any CPU
		Release|Any CPU = Release|Any CPU
	EndGlobalSection
	GlobalSection(ProjectConfigurationPlatforms) = postSolution
		{73EDD192-695B-4A24-8629-38631FBEA6BB}.Debug|Any CPU.ActiveCfg = Debug|Any CPU
		{73EDD192-695B-4A24-8629-38631FBEA6BB}.Debug|Any CPU.Build.0 = Debug|Any CPU
		{73EDD192-695B-4A24-8629-38631FBEA6BB}.Release|Any CPU.ActiveCfg = Release|Any CPU
		{73EDD192-695B-4A24-8629-38631FBEA6BB}.Release|Any CPU.Build.0 = Release|Any CPU
	EndGlobalSection
	GlobalSection(SolutionProperties) = preSolution
		HideSolutionNode = FALSE
	EndGlobalSection
	GlobalSection(ExtensibilityGlobals) = postSolution
		SolutionGuid = {112BF17C-C654-4A48-AB9F-C57250A72F9D}
	EndGlobalSection
EndGlobal
